
Microsoft Visual Studio Solution File, Format Version 12.00
# Visual Studio Version 17
VisualStudioVersion = 17.12.35527.113 d17.12
MinimumVisualStudioVersion = 10.0.40219.1
Project("{FAE04EC0-301F-11D3-BF4B-00C04F79EFBC}") = "egorova-maria-kt-31-22", "egorova-maria-kt-31-22\egorova-maria-kt-31-22.csproj", "{C7388E42-FDDB-4690-B232-F17BC7F2C1CC}"
EndProject
Global
	GlobalSection(SolutionConfigurationPlatforms) = preSolution
		Debug|Any CPU = Debug|Any CPU
		Release|Any CPU = Release|Any CPU
	EndGlobalSection
	GlobalSection(ProjectConfigurationPlatforms) = postSolution
		{C7388E42-FDDB-4690-B232-F17BC7F2C1CC}.Debug|Any CPU.ActiveCfg = Debug|Any CPU
		{C7388E42-FDDB-4690-B232-F17BC7F2C1CC}.Debug|Any CPU.Build.0 = Debug|Any CPU
		{C7388E42-FDDB-4690-B232-F17BC7F2C1CC}.Release|Any CPU.ActiveCfg = Release|Any CPU
		{C7388E42-FDDB-4690-B232-F17BC7F2C1CC}.Release|Any CPU.Build.0 = Release|Any CPU
	EndGlobalSection
	GlobalSection(SolutionProperties) = preSolution
		HideSolutionNode = FALSE
	EndGlobalSection
EndGlobal
